schema: '2.0'
stages:
  get_webpages:
    cmd:
    - python gather-clean-scripts/hyperlinks.py gather-clean-scripts/intermediates/saved_hyperlinks.txt
    deps:
    - path: gather-clean-scripts/hyperlinks.py
      md5: 429a0f964604537d6645ec95d0ae9264
      size: 1699
    outs:
    - path: gather-clean-scripts/intermediates/saved_hyperlinks.txt
      md5: 341c6c44d7acfcf03e542227e7296a28
      size: 18124
  get_listings:
    cmd:
    - python gather-clean-scripts/get_yacht_classifieds.py gather-clean-scripts/intermediates/saved_hyperlinks.txt
      gather-clean-scripts/intermediates/raw_listings.csv
    deps:
    - path: gather-clean-scripts/get_yacht_classifieds.py
      md5: d3e6081e9febe610e3c21bc8c0139b6f
      size: 1961
    - path: gather-clean-scripts/hyperlinks.py
      md5: 429a0f964604537d6645ec95d0ae9264
      size: 1699
    - path: gather-clean-scripts/intermediates/saved_hyperlinks.txt
      md5: 341c6c44d7acfcf03e542227e7296a28
      size: 18124
    outs:
    - path: gather-clean-scripts/intermediates/raw_listings.csv
      md5: 1d2096e322ebc54b89f656a71ffa0821
      size: 1710983
  clean:
    cmd:
    - python gather-clean-scripts/clean.py gather-clean-scripts/intermediates/raw_listings.csv
      gather-clean-scripts/intermediates/listings.csv -dn True
    deps:
    - path: gather-clean-scripts/clean.py
      md5: 5510f97f426550d6f65f91c95bf92699
      size: 4276
    - path: gather-clean-scripts/get_yacht_classifieds.py
      md5: d3e6081e9febe610e3c21bc8c0139b6f
      size: 1961
    - path: gather-clean-scripts/hyperlinks.py
      md5: 429a0f964604537d6645ec95d0ae9264
      size: 1699
    - path: gather-clean-scripts/intermediates/raw_listings.csv
      md5: 1d2096e322ebc54b89f656a71ffa0821
      size: 1710983
    - path: gather-clean-scripts/intermediates/saved_hyperlinks.txt
      md5: 341c6c44d7acfcf03e542227e7296a28
      size: 18124
    outs:
    - path: gather-clean-scripts/intermediates/listings.csv
      md5: b763889cd920fb050ef3e37771d39f89
      size: 1446147
  remove_outliers:
    cmd:
    - python gather-clean-scripts/remove_outliers.py gather-clean-scripts/intermediates/listings.csv
      ./data/listings_wo_outliers.csv
    deps:
    - path: gather-clean-scripts/clean.py
      md5: 5510f97f426550d6f65f91c95bf92699
      size: 4276
    - path: gather-clean-scripts/get_yacht_classifieds.py
      md5: d3e6081e9febe610e3c21bc8c0139b6f
      size: 1961
    - path: gather-clean-scripts/hyperlinks.py
      md5: 429a0f964604537d6645ec95d0ae9264
      size: 1699
    - path: gather-clean-scripts/intermediates/listings.csv
      md5: b763889cd920fb050ef3e37771d39f89
      size: 1446147
    - path: gather-clean-scripts/intermediates/raw_listings.csv
      md5: 1d2096e322ebc54b89f656a71ffa0821
      size: 1710983
    - path: gather-clean-scripts/intermediates/saved_hyperlinks.txt
      md5: 341c6c44d7acfcf03e542227e7296a28
      size: 18124
    outs:
    - path: data/listings_wo_outliers.csv
      md5: 3f38bfe59c570dedf5b8e47d9faea23e
      size: 1115739
